
Microsoft Visual Studio Solution File, Format Version 12.00
# Visual Studio Version 17
VisualStudioVersion = 17.12.35527.113 d17.12
MinimumVisualStudioVersion = 10.0.40219.1
Project("{FAE04EC0-301F-11D3-BF4B-00C04F79EFBC}") = "MiniRentCal", "MiniRentCal\MiniRentCal.csproj", "{2813ABC9-4B8F-4A51-9626-CA72C7527F7D}"
EndProject
Project("{E53339B2-1760-4266-BCC7-CA923CBCF16C}") = "docker-compose", "docker-compose.dcproj", "{585B0BE3-BFB5-4420-8518-11B35967BDD8}"
EndProject
Global
	GlobalSection(SolutionConfigurationPlatforms) = preSolution
		Debug|Any CPU = Debug|Any CPU
		Release|Any CPU = Release|Any CPU
	EndGlobalSection
	GlobalSection(ProjectConfigurationPlatforms) = postSolution
		{2813ABC9-4B8F-4A51-9626-CA72C7527F7D}.Debug|Any CPU.ActiveCfg = Debug|Any CPU
		{2813ABC9-4B8F-4A51-9626-CA72C7527F7D}.Debug|Any CPU.Build.0 = Debug|Any CPU
		{2813ABC9-4B8F-4A51-9626-CA72C7527F7D}.Release|Any CPU.ActiveCfg = Release|Any CPU
		{2813ABC9-4B8F-4A51-9626-CA72C7527F7D}.Release|Any CPU.Build.0 = Release|Any CPU
		{585B0BE3-BFB5-4420-8518-11B35967BDD8}.Debug|Any CPU.ActiveCfg = Debug|Any CPU
		{585B0BE3-BFB5-4420-8518-11B35967BDD8}.Debug|Any CPU.Build.0 = Debug|Any CPU
		{585B0BE3-BFB5-4420-8518-11B35967BDD8}.Release|Any CPU.ActiveCfg = Release|Any CPU
		{585B0BE3-BFB5-4420-8518-11B35967BDD8}.Release|Any CPU.Build.0 = Release|Any CPU
	EndGlobalSection
	GlobalSection(SolutionProperties) = preSolution
		HideSolutionNode = FALSE
	EndGlobalSection
EndGlobal
